
Microsoft Visual Studio Solution File, Format Version 12.00
# Visual Studio Version 17
VisualStudioVersion = 17.11.35312.102
MinimumVisualStudioVersion = 10.0.40219.1
Project("{9A19103F-16F7-4668-BE54-9A1E7A4F7556}") = "CourseWork", "CourseWork.csproj", "{200357FA-D5FD-4784-9001-A1D859104F8D}"
EndProject
Project("{FAE04EC0-301F-11D3-BF4B-00C04F79EFBC}") = "Test", "..\Test\Test.csproj", "{D3E2C418-BB92-4CD8-8062-CC4F6BD1DB53}"
EndProject
Global
	GlobalSection(SolutionConfigurationPlatforms) = preSolution
		Debug|Any CPU = Debug|Any CPU
		Release|Any CPU = Release|Any CPU
	EndGlobalSection
	GlobalSection(ProjectConfigurationPlatforms) = postSolution
		{200357FA-D5FD-4784-9001-A1D859104F8D}.Debug|Any CPU.ActiveCfg = Debug|Any CPU
		{200357FA-D5FD-4784-9001-A1D859104F8D}.Debug|Any CPU.Build.0 = Debug|Any CPU
		{200357FA-D5FD-4784-9001-A1D859104F8D}.Release|Any CPU.ActiveCfg = Release|Any CPU
		{200357FA-D5FD-4784-9001-A1D859104F8D}.Release|Any CPU.Build.0 = Release|Any CPU
		{D3E2C418-BB92-4CD8-8062-CC4F6BD1DB53}.Debug|Any CPU.ActiveCfg = Debug|Any CPU
		{D3E2C418-BB92-4CD8-8062-CC4F6BD1DB53}.Debug|Any CPU.Build.0 = Debug|Any CPU
		{D3E2C418-BB92-4CD8-8062-CC4F6BD1DB53}.Release|Any CPU.ActiveCfg = Release|Any CPU
		{D3E2C418-BB92-4CD8-8062-CC4F6BD1DB53}.Release|Any CPU.Build.0 = Release|Any CPU
	EndGlobalSection
	GlobalSection(SolutionProperties) = preSolution
		HideSolutionNode = FALSE
	EndGlobalSection
	GlobalSection(ExtensibilityGlobals) = postSolution
		SolutionGuid = {BD48050F-F696-44BA-B1BE-23470BB222A5}
	EndGlobalSection
EndGlobal
